// !$*UTF8*$!
{
	archiveVersion = 1;
	classes = {
	};
	objectVersion = 56;
	objects = {

/* Begin PBXBuildFile section */
		E871AB4F2AFFAEC8000A837D /* Localizable.xcstrings in Resources */ = {isa = PBXBuildFile; fileRef = E871AB4E2AFFAEC8000A837D /* Localizable.xcstrings */; };
		E871AB572AFFB2D4000A837D /* Poppins-Black.ttf in Resources */ = {isa = PBXBuildFile; fileRef = E871AB522AFFB2D4000A837D /* Poppins-Black.ttf */; };
		E871AB582AFFB2D4000A837D /* Poppins-Regular.ttf in Resources */ = {isa = PBXBuildFile; fileRef = E871AB532AFFB2D4000A837D /* Poppins-Regular.ttf */; };
		E871AB592AFFB2D4000A837D /* Poppins-ExtraBold.ttf in Resources */ = {isa = PBXBuildFile; fileRef = E871AB542AFFB2D4000A837D /* Poppins-ExtraBold.ttf */; };
		E871AB5A2AFFB2D4000A837D /* Poppins-Medium.ttf in Resources */ = {isa = PBXBuildFile; fileRef = E871AB552AFFB2D4000A837D /* Poppins-Medium.ttf */; };
		E871AB5B2AFFB2D4000A837D /* Poppins-Bold.ttf in Resources */ = {isa = PBXBuildFile; fileRef = E871AB562AFFB2D4000A837D /* Poppins-Bold.ttf */; };
		E871AB5D2AFFB3CF000A837D /* CardView.swift in Sources */ = {isa = PBXBuildFile; fileRef = E871AB5C2AFFB3CF000A837D /* CardView.swift */; };
		E871AB5F2AFFBA65000A837D /* SearchView.swift in Sources */ = {isa = PBXBuildFile; fileRef = E871AB5E2AFFBA65000A837D /* SearchView.swift */; };
		E871AB612AFFBCC6000A837D /* CategoryView.swift in Sources */ = {isa = PBXBuildFile; fileRef = E871AB602AFFBCC6000A837D /* CategoryView.swift */; };
		E871AB642AFFBD18000A837D /* CategoryModel.swift in Sources */ = {isa = PBXBuildFile; fileRef = E871AB632AFFBD18000A837D /* CategoryModel.swift */; };
		E8A9EB0A2B00A8CC003FCB45 /* Poppins-SemiBold.ttf in Resources */ = {isa = PBXBuildFile; fileRef = E8A9EB092B00A8CC003FCB45 /* Poppins-SemiBold.ttf */; };
		E8A9EB0E2B00B47E003FCB45 /* TabbedItems.swift in Sources */ = {isa = PBXBuildFile; fileRef = E8A9EB0D2B00B47E003FCB45 /* TabbedItems.swift */; };
		E8C77DBC2AFF99BB0076DFDE /* DoctorAppApp.swift in Sources */ = {isa = PBXBuildFile; fileRef = E8C77DBB2AFF99BB0076DFDE /* DoctorAppApp.swift */; };
		E8C77DBE2AFF99BB0076DFDE /* ContentView.swift in Sources */ = {isa = PBXBuildFile; fileRef = E8C77DBD2AFF99BB0076DFDE /* ContentView.swift */; };
		E8C77DC02AFF99BC0076DFDE /* Assets.xcassets in Resources */ = {isa = PBXBuildFile; fileRef = E8C77DBF2AFF99BC0076DFDE /* Assets.xcassets */; };
		E8C77DC32AFF99BC0076DFDE /* Preview Assets.xcassets in Resources */ = {isa = PBXBuildFile; fileRef = E8C77DC22AFF99BC0076DFDE /* Preview Assets.xcassets */; };
		E8C77DCD2AFF99BC0076DFDE /* DoctorAppTests.swift in Sources */ = {isa = PBXBuildFile; fileRef = E8C77DCC2AFF99BC0076DFDE /* DoctorAppTests.swift */; };
		E8C77DD72AFF99BC0076DFDE /* DoctorAppUITests.swift in Sources */ = {isa = PBXBuildFile; fileRef = E8C77DD62AFF99BC0076DFDE /* DoctorAppUITests.swift */; };
		E8C77DD92AFF99BC0076DFDE /* DoctorAppUITestsLaunchTests.swift in Sources */ = {isa = PBXBuildFile; fileRef = E8C77DD82AFF99BC0076DFDE /* DoctorAppUITestsLaunchTests.swift */; };
		E8C77DF72AFFA8EC0076DFDE /* HeaderView.swift in Sources */ = {isa = PBXBuildFile; fileRef = E8C77DF62AFFA8EC0076DFDE /* HeaderView.swift */; };
/* End PBXBuildFile section */

/* Begin PBXContainerItemProxy section */
		E8C77DC92AFF99BC0076DFDE /* PBXContainerItemProxy */ = {
			isa = PBXContainerItemProxy;
			containerPortal = E8C77DB02AFF99BB0076DFDE /* Project object */;
			proxyType = 1;
			remoteGlobalIDString = E8C77DB72AFF99BB0076DFDE;
			remoteInfo = DoctorApp;
		};
		E8C77DD32AFF99BC0076DFDE /* PBXContainerItemProxy */ = {
			isa = PBXContainerItemProxy;
			containerPortal = E8C77DB02AFF99BB0076DFDE /* Project object */;
			proxyType = 1;
			remoteGlobalIDString = E8C77DB72AFF99BB0076DFDE;
			remoteInfo = DoctorApp;
		};
/* End PBXContainerItemProxy section */

/* Begin PBXFileReference section */
		E871AB4E2AFFAEC8000A837D /* Localizable.xcstrings */ = {isa = PBXFileReference; lastKnownFileType = text.json.xcstrings; path = Localizable.xcstrings; sourceTree = "<group>"; };
		E871AB522AFFB2D4000A837D /* Poppins-Black.ttf */ = {isa = PBXFileReference; lastKnownFileType = file; path = "Poppins-Black.ttf"; sourceTree = "<group>"; };
		E871AB532AFFB2D4000A837D /* Poppins-Regular.ttf */ = {isa = PBXFileReference; lastKnownFileType = file; path = "Poppins-Regular.ttf"; sourceTree = "<group>"; };
		E871AB542AFFB2D4000A837D /* Poppins-ExtraBold.ttf */ = {isa = PBXFileReference; lastKnownFileType = file; path = "Poppins-ExtraBold.ttf"; sourceTree = "<group>"; };
		E871AB552AFFB2D4000A837D /* Poppins-Medium.ttf */ = {isa = PBXFileReference; lastKnownFileType = file; path = "Poppins-Medium.ttf"; sourceTree = "<group>"; };
		E871AB562AFFB2D4000A837D /* Poppins-Bold.ttf */ = {isa = PBXFileReference; lastKnownFileType = file; path = "Poppins-Bold.ttf"; sourceTree = "<group>"; };
		E871AB5C2AFFB3CF000A837D /* CardView.swift */ = {isa = PBXFileReference; lastKnownFileType = sourcecode.swift; path = CardView.swift; sourceTree = "<group>"; };
		E871AB5E2AFFBA65000A837D /* SearchView.swift */ = {isa = PBXFileReference; lastKnownFileType = sourcecode.swift; path = SearchView.swift; sourceTree = "<group>"; };
		E871AB602AFFBCC6000A837D /* CategoryView.swift */ = {isa = PBXFileReference; lastKnownFileType = sourcecode.swift; path = CategoryView.swift; sourceTree = "<group>"; };
		E871AB632AFFBD18000A837D /* CategoryModel.swift */ = {isa = PBXFileReference; lastKnownFileType = sourcecode.swift; path = CategoryModel.swift; sourceTree = "<group>"; };
		E8A9EB092B00A8CC003FCB45 /* Poppins-SemiBold.ttf */ = {isa = PBXFileReference; lastKnownFileType = file; path = "Poppins-SemiBold.ttf"; sourceTree = "<group>"; };
		E8A9EB0D2B00B47E003FCB45 /* TabbedItems.swift */ = {isa = PBXFileReference; lastKnownFileType = sourcecode.swift; path = TabbedItems.swift; sourceTree = "<group>"; };
		E8C77DB82AFF99BB0076DFDE /* DoctorApp.app */ = {isa = PBXFileReference; explicitFileType = wrapper.application; includeInIndex = 0; path = DoctorApp.app; sourceTree = BUILT_PRODUCTS_DIR; };
		E8C77DBB2AFF99BB0076DFDE /* DoctorAppApp.swift */ = {isa = PBXFileReference; lastKnownFileType = sourcecode.swift; path = DoctorAppApp.swift; sourceTree = "<group>"; };
		E8C77DBD2AFF99BB0076DFDE /* ContentView.swift */ = {isa = PBXFileReference; lastKnownFileType = sourcecode.swift; path = ContentView.swift; sourceTree = "<group>"; };
		E8C77DBF2AFF99BC0076DFDE /* Assets.xcassets */ = {isa = PBXFileReference; lastKnownFileType = folder.assetcatalog; path = Assets.xcassets; sourceTree = "<group>"; };
		E8C77DC22AFF99BC0076DFDE /* Preview Assets.xcassets */ = {isa = PBXFileReference; lastKnownFileType = folder.assetcatalog; path = "Preview Assets.xcassets"; sourceTree = "<group>"; };
		E8C77DC82AFF99BC0076DFDE /* DoctorAppTests.xctest */ = {isa = PBXFileReference; explicitFileType = wrapper.cfbundle; includeInIndex = 0; path = DoctorAppTests.xctest; sourceTree = BUILT_PRODUCTS_DIR; };
		E8C77DCC2AFF99BC0076DFDE /* DoctorAppTests.swift */ = {isa = PBXFileReference; lastKnownFileType = sourcecode.swift; path = DoctorAppTests.swift; sourceTree = "<group>"; };
		E8C77DD22AFF99BC0076DFDE /* DoctorAppUITests.xctest */ = {isa = PBXFileReference; explicitFileType = wrapper.cfbundle; includeInIndex = 0; path = DoctorAppUITests.xctest; sourceTree = BUILT_PRODUCTS_DIR; };
		E8C77DD62AFF99BC0076DFDE /* DoctorAppUITests.swift */ = {isa = PBXFileReference; lastKnownFileType = sourcecode.swift; path = DoctorAppUITests.swift; sourceTree = "<group>"; };
		E8C77DD82AFF99BC0076DFDE /* DoctorAppUITestsLaunchTests.swift */ = {isa = PBXFileReference; lastKnownFileType = sourcecode.swift; path = DoctorAppUITestsLaunchTests.swift; sourceTree = "<group>"; };
		E8C77DF42AFFA7040076DFDE /* Info.plist */ = {isa = PBXFileReference; lastKnownFileType = text.plist; path = Info.plist; sourceTree = "<group>"; };
		E8C77DF62AFFA8EC0076DFDE /* HeaderView.swift */ = {isa = PBXFileReference; lastKnownFileType = sourcecode.swift; path = HeaderView.swift; sourceTree = "<group>"; };
/* End PBXFileReference section */

/* Begin PBXFrameworksBuildPhase section */
		E8C77DB52AFF99BB0076DFDE /* Frameworks */ = {
			isa = PBXFrameworksBuildPhase;
			buildActionMask = 2147483647;
			files = (
			);
			runOnlyForDeploymentPostprocessing = 0;
		};
		E8C77DC52AFF99BC0076DFDE /* Frameworks */ = {
			isa = PBXFrameworksBuildPhase;
			buildActionMask = 2147483647;
			files = (
			);
			runOnlyForDeploymentPostprocessing = 0;
		};
		E8C77DCF2AFF99BC0076DFDE /* Frameworks */ = {
			isa = PBXFrameworksBuildPhase;
			buildActionMask = 2147483647;
			files = (
			);
			runOnlyForDeploymentPostprocessing = 0;
		};
/* End PBXFrameworksBuildPhase section */

/* Begin PBXGroup section */
		E871AB622AFFBCFA000A837D /* models */ = {
			isa = PBXGroup;
			children = (
				E871AB632AFFBD18000A837D /* CategoryModel.swift */,
				E8A9EB0D2B00B47E003FCB45 /* TabbedItems.swift */,
			);
			path = models;
			sourceTree = "<group>";
		};
		E8C77DAF2AFF99BB0076DFDE = {
			isa = PBXGroup;
			children = (
				E871AB4E2AFFAEC8000A837D /* Localizable.xcstrings */,
				E8C77DE92AFFA6B30076DFDE /* Fonts */,
				E8C77DBA2AFF99BB0076DFDE /* DoctorApp */,
				E8C77DCB2AFF99BC0076DFDE /* DoctorAppTests */,
				E8C77DD52AFF99BC0076DFDE /* DoctorAppUITests */,
				E8C77DB92AFF99BB0076DFDE /* Products */,
			);
			sourceTree = "<group>";
		};
		E8C77DB92AFF99BB0076DFDE /* Products */ = {
			isa = PBXGroup;
			children = (
				E8C77DB82AFF99BB0076DFDE /* DoctorApp.app */,
				E8C77DC82AFF99BC0076DFDE /* DoctorAppTests.xctest */,
				E8C77DD22AFF99BC0076DFDE /* DoctorAppUITests.xctest */,
			);
			name = Products;
			sourceTree = "<group>";
		};
		E8C77DBA2AFF99BB0076DFDE /* DoctorApp */ = {
			isa = PBXGroup;
			children = (
				E871AB622AFFBCFA000A837D /* models */,
				E8C77DF52AFFA8D60076DFDE /* components */,
				E8C77DF42AFFA7040076DFDE /* Info.plist */,
				E8C77DBB2AFF99BB0076DFDE /* DoctorAppApp.swift */,
				E8C77DBD2AFF99BB0076DFDE /* ContentView.swift */,
				E8C77DBF2AFF99BC0076DFDE /* Assets.xcassets */,
				E8C77DC12AFF99BC0076DFDE /* Preview Content */,
			);
			path = DoctorApp;
			sourceTree = "<group>";
		};
		E8C77DC12AFF99BC0076DFDE /* Preview Content */ = {
			isa = PBXGroup;
			children = (
				E8C77DC22AFF99BC0076DFDE /* Preview Assets.xcassets */,
			);
			path = "Preview Content";
			sourceTree = "<group>";
		};
		E8C77DCB2AFF99BC0076DFDE /* DoctorAppTests */ = {
			isa = PBXGroup;
			children = (
				E8C77DCC2AFF99BC0076DFDE /* DoctorAppTests.swift */,
			);
			path = DoctorAppTests;
			sourceTree = "<group>";
		};
		E8C77DD52AFF99BC0076DFDE /* DoctorAppUITests */ = {
			isa = PBXGroup;
			children = (
				E8C77DD62AFF99BC0076DFDE /* DoctorAppUITests.swift */,
				E8C77DD82AFF99BC0076DFDE /* DoctorAppUITestsLaunchTests.swift */,
			);
			path = DoctorAppUITests;
			sourceTree = "<group>";
		};
		E8C77DE92AFFA6B30076DFDE /* Fonts */ = {
			isa = PBXGroup;
			children = (
				E8A9EB092B00A8CC003FCB45 /* Poppins-SemiBold.ttf */,
				E871AB522AFFB2D4000A837D /* Poppins-Black.ttf */,
				E871AB562AFFB2D4000A837D /* Poppins-Bold.ttf */,
				E871AB542AFFB2D4000A837D /* Poppins-ExtraBold.ttf */,
				E871AB552AFFB2D4000A837D /* Poppins-Medium.ttf */,
				E871AB532AFFB2D4000A837D /* Poppins-Regular.ttf */,
			);
			path = Fonts;
			sourceTree = "<group>";
		};
		E8C77DF52AFFA8D60076DFDE /* components */ = {
			isa = PBXGroup;
			children = (
				E8C77DF62AFFA8EC0076DFDE /* HeaderView.swift */,
				E871AB5C2AFFB3CF000A837D /* CardView.swift */,
				E871AB5E2AFFBA65000A837D /* SearchView.swift */,
				E871AB602AFFBCC6000A837D /* CategoryView.swift */,
			);
			path = components;
			sourceTree = "<group>";
		};
/* End PBXGroup section */

/* Begin PBXNativeTarget section */
		E8C77DB72AFF99BB0076DFDE /* DoctorApp */ = {
			isa = PBXNativeTarget;
			buildConfigurationList = E8C77DDC2AFF99BC0076DFDE /* Build configuration list for PBXNativeTarget "DoctorApp" */;
			buildPhases = (
				E8C77DB42AFF99BB0076DFDE /* Sources */,
				E8C77DB52AFF99BB0076DFDE /* Frameworks */,
				E8C77DB62AFF99BB0076DFDE /* Resources */,
			);
			buildRules = (
			);
			dependencies = (
			);
			name = DoctorApp;
			productName = DoctorApp;
			productReference = E8C77DB82AFF99BB0076DFDE /* DoctorApp.app */;
			productType = "com.apple.product-type.application";
		};
		E8C77DC72AFF99BC0076DFDE /* DoctorAppTests */ = {
			isa = PBXNativeTarget;
			buildConfigurationList = E8C77DDF2AFF99BC0076DFDE /* Build configuration list for PBXNativeTarget "DoctorAppTests" */;
			buildPhases = (
				E8C77DC42AFF99BC0076DFDE /* Sources */,
				E8C77DC52AFF99BC0076DFDE /* Frameworks */,
				E8C77DC62AFF99BC0076DFDE /* Resources */,
			);
			buildRules = (
			);
			dependencies = (
				E8C77DCA2AFF99BC0076DFDE /* PBXTargetDependency */,
			);
			name = DoctorAppTests;
			productName = DoctorAppTests;
			productReference = E8C77DC82AFF99BC0076DFDE /* DoctorAppTests.xctest */;
			productType = "com.apple.product-type.bundle.unit-test";
		};
		E8C77DD12AFF99BC0076DFDE /* DoctorAppUITests */ = {
			isa = PBXNativeTarget;
			buildConfigurationList = E8C77DE22AFF99BC0076DFDE /* Build configuration list for PBXNativeTarget "DoctorAppUITests" */;
			buildPhases = (
				E8C77DCE2AFF99BC0076DFDE /* Sources */,
				E8C77DCF2AFF99BC0076DFDE /* Frameworks */,
				E8C77DD02AFF99BC0076DFDE /* Resources */,
			);
			buildRules = (
			);
			dependencies = (
				E8C77DD42AFF99BC0076DFDE /* PBXTargetDependency */,
			);
			name = DoctorAppUITests;
			productName = DoctorAppUITests;
			productReference = E8C77DD22AFF99BC0076DFDE /* DoctorAppUITests.xctest */;
			productType = "com.apple.product-type.bundle.ui-testing";
		};
/* End PBXNativeTarget section */

/* Begin PBXProject section */
		E8C77DB02AFF99BB0076DFDE /* Project object */ = {
			isa = PBXProject;
			attributes = {
				BuildIndependentTargetsInParallel = 1;
				LastSwiftUpdateCheck = 1500;
				LastUpgradeCheck = 1500;
				TargetAttributes = {
					E8C77DB72AFF99BB0076DFDE = {
						CreatedOnToolsVersion = 15.0.1;
					};
					E8C77DC72AFF99BC0076DFDE = {
						CreatedOnToolsVersion = 15.0.1;
						TestTargetID = E8C77DB72AFF99BB0076DFDE;
					};
					E8C77DD12AFF99BC0076DFDE = {
						CreatedOnToolsVersion = 15.0.1;
						TestTargetID = E8C77DB72AFF99BB0076DFDE;
					};
				};
			};
			buildConfigurationList = E8C77DB32AFF99BB0076DFDE /* Build configuration list for PBXProject "DoctorApp" */;
			compatibilityVersion = "Xcode 14.0";
			developmentRegion = en;
			hasScannedForEncodings = 0;
			knownRegions = (
				en,
				Base,
				ru,
			);
			mainGroup = E8C77DAF2AFF99BB0076DFDE;
			productRefGroup = E8C77DB92AFF99BB0076DFDE /* Products */;
			projectDirPath = "";
			projectRoot = "";
			targets = (
				E8C77DB72AFF99BB0076DFDE /* DoctorApp */,
				E8C77DC72AFF99BC0076DFDE /* DoctorAppTests */,
				E8C77DD12AFF99BC0076DFDE /* DoctorAppUITests */,
			);
		};
/* End PBXProject section */

/* Begin PBXResourcesBuildPhase section */
		E8C77DB62AFF99BB0076DFDE /* Resources */ = {
			isa = PBXResourcesBuildPhase;
			buildActionMask = 2147483647;
			files = (
				E8C77DC32AFF99BC0076DFDE /* Preview Assets.xcassets in Resources */,
				E871AB4F2AFFAEC8000A837D /* Localizable.xcstrings in Resources */,
				E8C77DC02AFF99BC0076DFDE /* Assets.xcassets in Resources */,
				E871AB572AFFB2D4000A837D /* Poppins-Black.ttf in Resources */,
				E871AB592AFFB2D4000A837D /* Poppins-ExtraBold.ttf in Resources */,
				E871AB5B2AFFB2D4000A837D /* Poppins-Bold.ttf in Resources */,
				E8A9EB0A2B00A8CC003FCB45 /* Poppins-SemiBold.ttf in Resources */,
				E871AB5A2AFFB2D4000A837D /* Poppins-Medium.ttf in Resources */,
				E871AB582AFFB2D4000A837D /* Poppins-Regular.ttf in Resources */,
			);
			runOnlyForDeploymentPostprocessing = 0;
		};
		E8C77DC62AFF99BC0076DFDE /* Resources */ = {
			isa = PBXResourcesBuildPhase;
			buildActionMask = 2147483647;
			files = (
			);
			runOnlyForDeploymentPostprocessing = 0;
		};
		E8C77DD02AFF99BC0076DFDE /* Resources */ = {
			isa = PBXResourcesBuildPhase;
			buildActionMask = 2147483647;
			files = (
			);
			runOnlyForDeploymentPostprocessing = 0;
		};
/* End PBXResourcesBuildPhase section */

/* Begin PBXSourcesBuildPhase section */
		E8C77DB42AFF99BB0076DFDE /* Sources */ = {
			isa = PBXSourcesBuildPhase;
			buildActionMask = 2147483647;
			files = (
				E871AB5F2AFFBA65000A837D /* SearchView.swift in Sources */,
				E8C77DBE2AFF99BB0076DFDE /* ContentView.swift in Sources */,
				E871AB612AFFBCC6000A837D /* CategoryView.swift in Sources */,
				E8A9EB0E2B00B47E003FCB45 /* TabbedItems.swift in Sources */,
				E8C77DF72AFFA8EC0076DFDE /* HeaderView.swift in Sources */,
				E871AB642AFFBD18000A837D /* CategoryModel.swift in Sources */,
				E871AB5D2AFFB3CF000A837D /* CardView.swift in Sources */,
				E8C77DBC2AFF99BB0076DFDE /* DoctorAppApp.swift in Sources */,
			);
			runOnlyForDeploymentPostprocessing = 0;
		};
		E8C77DC42AFF99BC0076DFDE /* Sources */ = {
			isa = PBXSourcesBuildPhase;
			buildActionMask = 2147483647;
			files = (
				E8C77DCD2AFF99BC0076DFDE /* DoctorAppTests.swift in Sources */,
			);
			runOnlyForDeploymentPostprocessing = 0;
		};
		E8C77DCE2AFF99BC0076DFDE /* Sources */ = {
			isa = PBXSourcesBuildPhase;
			buildActionMask = 2147483647;
			files = (
				E8C77DD72AFF99BC0076DFDE /* DoctorAppUITests.swift in Sources */,
				E8C77DD92AFF99BC0076DFDE /* DoctorAppUITestsLaunchTests.swift in Sources */,
			);
			runOnlyForDeploymentPostprocessing = 0;
		};
/* End PBXSourcesBuildPhase section */

/* Begin PBXTargetDependency section */
		E8C77DCA2AFF99BC0076DFDE /* PBXTargetDependency */ = {
			isa = PBXTargetDependency;
			target = E8C77DB72AFF99BB0076DFDE /* DoctorApp */;
			targetProxy = E8C77DC92AFF99BC0076DFDE /* PBXContainerItemProxy */;
		};
		E8C77DD42AFF99BC0076DFDE /* PBXTargetDependency */ = {
			isa = PBXTargetDependency;
			target = E8C77DB72AFF99BB0076DFDE /* DoctorApp */;
			targetProxy = E8C77DD32AFF99BC0076DFDE /* PBXContainerItemProxy */;
		};
/* End PBXTargetDependency section */

/* Begin XCBuildConfiguration section */
		E8C77DDA2AFF99BC0076DFDE /* Debug */ = {
			isa = XCBuildConfiguration;
			buildSettings = {
				ALWAYS_SEARCH_USER_PATHS = NO;
				ASSETCATALOG_COMPILER_GENERATE_SWIFT_ASSET_SYMBOL_EXTENSIONS = YES;
				CLANG_ANALYZER_NONNULL = YES;
				CLANG_ANALYZER_NUMBER_OBJECT_CONVERSION = YES_AGGRESSIVE;
				CLANG_CXX_LANGUAGE_STANDARD = "gnu++20";
				CLANG_ENABLE_MODULES = YES;
				CLANG_ENABLE_OBJC_ARC = YES;
				CLANG_ENABLE_OBJC_WEAK = YES;
				CLANG_WARN_BLOCK_CAPTURE_AUTORELEASING = YES;
				CLANG_WARN_BOOL_CONVERSION = YES;
				CLANG_WARN_COMMA = YES;
				CLANG_WARN_CONSTANT_CONVERSION = YES;
				CLANG_WARN_DEPRECATED_OBJC_IMPLEMENTATIONS = YES;
				CLANG_WARN_DIRECT_OBJC_ISA_USAGE = YES_ERROR;
				CLANG_WARN_DOCUMENTATION_COMMENTS = YES;
				CLANG_WARN_EMPTY_BODY = YES;
				CLANG_WARN_ENUM_CONVERSION = YES;
				CLANG_WARN_INFINITE_RECURSION = YES;
				CLANG_WARN_INT_CONVERSION = YES;
				CLANG_WARN_NON_LITERAL_NULL_CONVERSION = YES;
				CLANG_WARN_OBJC_IMPLICIT_RETAIN_SELF = YES;
				CLANG_WARN_OBJC_LITERAL_CONVERSION = YES;
				CLANG_WARN_OBJC_ROOT_CLASS = YES_ERROR;
				CLANG_WARN_QUOTED_INCLUDE_IN_FRAMEWORK_HEADER = YES;
				CLANG_WARN_RANGE_LOOP_ANALYSIS = YES;
				CLANG_WARN_STRICT_PROTOTYPES = YES;
				CLANG_WARN_SUSPICIOUS_MOVE = YES;
				CLANG_WARN_UNGUARDED_AVAILABILITY = YES_AGGRESSIVE;
				CLANG_WARN_UNREACHABLE_CODE = YES;
				CLANG_WARN__DUPLICATE_METHOD_MATCH = YES;
				COPY_PHASE_STRIP = NO;
				DEBUG_INFORMATION_FORMAT = dwarf;
				ENABLE_STRICT_OBJC_MSGSEND = YES;
				ENABLE_TESTABILITY = YES;
				ENABLE_USER_SCRIPT_SANDBOXING = YES;
				GCC_C_LANGUAGE_STANDARD = gnu17;
				GCC_DYNAMIC_NO_PIC = NO;
				GCC_NO_COMMON_BLOCKS = YES;
				GCC_OPTIMIZATION_LEVEL = 0;
				GCC_PREPROCESSOR_DEFINITIONS = (
					"DEBUG=1",
					"$(inherited)",
				);
				GCC_WARN_64_TO_32_BIT_CONVERSION = YES;
				GCC_WARN_ABOUT_RETURN_TYPE = YES_ERROR;
				GCC_WARN_UNDECLARED_SELECTOR = YES;
				GCC_WARN_UNINITIALIZED_AUTOS = YES_AGGRESSIVE;
				GCC_WARN_UNUSED_FUNCTION = YES;
				GCC_WARN_UNUSED_VARIABLE = YES;
				IPHONEOS_DEPLOYMENT_TARGET = 17.0;
				LOCALIZATION_PREFERS_STRING_CATALOGS = YES;
				MTL_ENABLE_DEBUG_INFO = INCLUDE_SOURCE;
				MTL_FAST_MATH = YES;
				ONLY_ACTIVE_ARCH = YES;
				SDKROOT = iphoneos;
				SWIFT_ACTIVE_COMPILATION_CONDITIONS = "DEBUG $(inherited)";
				SWIFT_OPTIMIZATION_LEVEL = "-Onone";
			};
			name = Debug;
		};
		E8C77DDB2AFF99BC0076DFDE /* Release */ = {
			isa = XCBuildConfiguration;
			buildSettings = {
				ALWAYS_SEARCH_USER_PATHS = NO;
				ASSETCATALOG_COMPILER_GENERATE_SWIFT_ASSET_SYMBOL_EXTENSIONS = YES;
				CLANG_ANALYZER_NONNULL = YES;
				CLANG_ANALYZER_NUMBER_OBJECT_CONVERSION = YES_AGGRESSIVE;
				CLANG_CXX_LANGUAGE_STANDARD = "gnu++20";
				CLANG_ENABLE_MODULES = YES;
				CLANG_ENABLE_OBJC_ARC = YES;
				CLANG_ENABLE_OBJC_WEAK = YES;
				CLANG_WARN_BLOCK_CAPTURE_AUTORELEASING = YES;
				CLANG_WARN_BOOL_CONVERSION = YES;
				CLANG_WARN_COMMA = YES;
				CLANG_WARN_CONSTANT_CONVERSION = YES;
				CLANG_WARN_DEPRECATED_OBJC_IMPLEMENTATIONS = YES;
				CLANG_WARN_DIRECT_OBJC_ISA_USAGE = YES_ERROR;
				CLANG_WARN_DOCUMENTATION_COMMENTS = YES;
				CLANG_WARN_EMPTY_BODY = YES;
				CLANG_WARN_ENUM_CONVERSION = YES;
				CLANG_WARN_INFINITE_RECURSION = YES;
				CLANG_WARN_INT_CONVERSION = YES;
				CLANG_WARN_NON_LITERAL_NULL_CONVERSION = YES;
				CLANG_WARN_OBJC_IMPLICIT_RETAIN_SELF = YES;
				CLANG_WARN_OBJC_LITERAL_CONVERSION = YES;
				CLANG_WARN_OBJC_ROOT_CLASS = YES_ERROR;
				CLANG_WARN_QUOTED_INCLUDE_IN_FRAMEWORK_HEADER = YES;
				CLANG_WARN_RANGE_LOOP_ANALYSIS = YES;
				CLANG_WARN_STRICT_PROTOTYPES = YES;
				CLANG_WARN_SUSPICIOUS_MOVE = YES;
				CLANG_WARN_UNGUARDED_AVAILABILITY = YES_AGGRESSIVE;
				CLANG_WARN_UNREACHABLE_CODE = YES;
				CLANG_WARN__DUPLICATE_METHOD_MATCH = YES;
				COPY_PHASE_STRIP = NO;
				DEBUG_INFORMATION_FORMAT = "dwarf-with-dsym";
				ENABLE_NS_ASSERTIONS = NO;
				ENABLE_STRICT_OBJC_MSGSEND = YES;
				ENABLE_USER_SCRIPT_SANDBOXING = YES;
				GCC_C_LANGUAGE_STANDARD = gnu17;
				GCC_NO_COMMON_BLOCKS = YES;
				GCC_WARN_64_TO_32_BIT_CONVERSION = YES;
				GCC_WARN_ABOUT_RETURN_TYPE = YES_ERROR;
				GCC_WARN_UNDECLARED_SELECTOR = YES;
				GCC_WARN_UNINITIALIZED_AUTOS = YES_AGGRESSIVE;
				GCC_WARN_UNUSED_FUNCTION = YES;
				GCC_WARN_UNUSED_VARIABLE = YES;
				IPHONEOS_DEPLOYMENT_TARGET = 17.0;
				LOCALIZATION_PREFERS_STRING_CATALOGS = YES;
				MTL_ENABLE_DEBUG_INFO = NO;
				MTL_FAST_MATH = YES;
				SDKROOT = iphoneos;
				SWIFT_COMPILATION_MODE = wholemodule;
				VALIDATE_PRODUCT = YES;
			};
			name = Release;
		};
		E8C77DDD2AFF99BC0076DFDE /* Debug */ = {
			isa = XCBuildConfiguration;
			buildSettings = {
				ASSETCATALOG_COMPILER_APPICON_NAME = AppIcon;
				ASSETCATALOG_COMPILER_GLOBAL_ACCENT_COLOR_NAME = AccentColor;
				CODE_SIGN_STYLE = Automatic;
				CURRENT_PROJECT_VERSION = 1;
				DEVELOPMENT_ASSET_PATHS = "\"DoctorApp/Preview Content\"";
				DEVELOPMENT_TEAM = 35B5ZW7NV9;
				ENABLE_PREVIEWS = YES;
				GENERATE_INFOPLIST_FILE = YES;
				INFOPLIST_FILE = DoctorApp/Info.plist;
				INFOPLIST_KEY_UIApplicationSceneManifest_Generation = YES;
				INFOPLIST_KEY_UIApplicationSupportsIndirectInputEvents = YES;
				INFOPLIST_KEY_UILaunchScreen_Generation = YES;
				INFOPLIST_KEY_UISupportedInterfaceOrientations_iPad = "UIInterfaceOrientationPortrait UIInterfaceOrientationPortraitUpsideDown UIInterfaceOrientationLandscapeLeft UIInterfaceOrientationLandscapeRight";
				INFOPLIST_KEY_UISupportedInterfaceOrientations_iPhone = "UIInterfaceOrientationPortrait UIInterfaceOrientationLandscapeLeft UIInterfaceOrientationLandscapeRight";
				LD_RUNPATH_SEARCH_PATHS = (
					"$(inherited)",
					"@executable_path/Frameworks",
				);
				MARKETING_VERSION = 1.0;
				PRODUCT_BUNDLE_IDENTIFIER = ru.popkov.DoctorApp;
				PRODUCT_NAME = "$(TARGET_NAME)";
				SWIFT_EMIT_LOC_STRINGS = YES;
				SWIFT_VERSION = 5.0;
				TARGETED_DEVICE_FAMILY = "1,2";
			};
			name = Debug;
		};
		E8C77DDE2AFF99BC0076DFDE /* Release */ = {
			isa = XCBuildConfiguration;
			buildSettings = {
				ASSETCATALOG_COMPILER_APPICON_NAME = AppIcon;
				ASSETCATALOG_COMPILER_GLOBAL_ACCENT_COLOR_NAME = AccentColor;
				CODE_SIGN_STYLE = Automatic;
				CURRENT_PROJECT_VERSION = 1;
				DEVELOPMENT_ASSET_PATHS = "\"DoctorApp/Preview Content\"";
				DEVELOPMENT_TEAM = 35B5ZW7NV9;
				ENABLE_PREVIEWS = YES;
				GENERATE_INFOPLIST_FILE = YES;
				INFOPLIST_FILE = DoctorApp/Info.plist;
				INFOPLIST_KEY_UIApplicationSceneManifest_Generation = YES;
				INFOPLIST_KEY_UIApplicationSupportsIndirectInputEvents = YES;
				INFOPLIST_KEY_UILaunchScreen_Generation = YES;
				INFOPLIST_KEY_UISupportedInterfaceOrientations_iPad = "UIInterfaceOrientationPortrait UIInterfaceOrientationPortraitUpsideDown UIInterfaceOrientationLandscapeLeft UIInterfaceOrientationLandscapeRight";
				INFOPLIST_KEY_UISupportedInterfaceOrientations_iPhone = "UIInterfaceOrientationPortrait UIInterfaceOrientationLandscapeLeft UIInterfaceOrientationLandscapeRight";
				LD_RUNPATH_SEARCH_PATHS = (
					"$(inherited)",
					"@executable_path/Frameworks",
				);
				MARKETING_VERSION = 1.0;
				PRODUCT_BUNDLE_IDENTIFIER = ru.popkov.DoctorApp;
				PRODUCT_NAME = "$(TARGET_NAME)";
				SWIFT_EMIT_LOC_STRINGS = YES;
				SWIFT_VERSION = 5.0;
				TARGETED_DEVICE_FAMILY = "1,2";
			};
			name = Release;
		};
		E8C77DE02AFF99BC0076DFDE /* Debug */ = {
			isa = XCBuildConfiguration;
			buildSettings = {
				ALWAYS_EMBED_SWIFT_STANDARD_LIBRARIES = YES;
				BUNDLE_LOADER = "$(TEST_HOST)";
				CODE_SIGN_STYLE = Automatic;
				CURRENT_PROJECT_VERSION = 1;
				DEVELOPMENT_TEAM = 35B5ZW7NV9;
				GENERATE_INFOPLIST_FILE = YES;
				IPHONEOS_DEPLOYMENT_TARGET = 17.0;
				MARKETING_VERSION = 1.0;
				PRODUCT_BUNDLE_IDENTIFIER = ru.popkov.DoctorAppTests;
				PRODUCT_NAME = "$(TARGET_NAME)";
				SWIFT_EMIT_LOC_STRINGS = NO;
				SWIFT_VERSION = 5.0;
				TARGETED_DEVICE_FAMILY = "1,2";
				TEST_HOST = "$(BUILT_PRODUCTS_DIR)/DoctorApp.app/$(BUNDLE_EXECUTABLE_FOLDER_PATH)/DoctorApp";
			};
			name = Debug;
		};
		E8C77DE12AFF99BC0076DFDE /* Release */ = {
			isa = XCBuildConfiguration;
			buildSettings = {
				ALWAYS_EMBED_SWIFT_STANDARD_LIBRARIES = YES;
				BUNDLE_LOADER = "$(TEST_HOST)";
				CODE_SIGN_STYLE = Automatic;
				CURRENT_PROJECT_VERSION = 1;
				DEVELOPMENT_TEAM = 35B5ZW7NV9;
				GENERATE_INFOPLIST_FILE = YES;
				IPHONEOS_DEPLOYMENT_TARGET = 17.0;
				MARKETING_VERSION = 1.0;
				PRODUCT_BUNDLE_IDENTIFIER = ru.popkov.DoctorAppTests;
				PRODUCT_NAME = "$(TARGET_NAME)";
				SWIFT_EMIT_LOC_STRINGS = NO;
				SWIFT_VERSION = 5.0;
				TARGETED_DEVICE_FAMILY = "1,2";
				TEST_HOST = "$(BUILT_PRODUCTS_DIR)/DoctorApp.app/$(BUNDLE_EXECUTABLE_FOLDER_PATH)/DoctorApp";
			};
			name = Release;
		};
		E8C77DE32AFF99BC0076DFDE /* Debug */ = {
			isa = XCBuildConfiguration;
			buildSettings = {
				ALWAYS_EMBED_SWIFT_STANDARD_LIBRARIES = YES;
				CODE_SIGN_STYLE = Automatic;
				CURRENT_PROJECT_VERSION = 1;
				DEVELOPMENT_TEAM = 35B5ZW7NV9;
				GENERATE_INFOPLIST_FILE = YES;
				MARKETING_VERSION = 1.0;
				PRODUCT_BUNDLE_IDENTIFIER = ru.popkov.DoctorAppUITests;
				PRODUCT_NAME = "$(TARGET_NAME)";
				SWIFT_EMIT_LOC_STRINGS = NO;
				SWIFT_VERSION = 5.0;
				TARGETED_DEVICE_FAMILY = "1,2";
				TEST_TARGET_NAME = DoctorApp;
			};
			name = Debug;
		};
		E8C77DE42AFF99BC0076DFDE /* Release */ = {
			isa = XCBuildConfiguration;
			buildSettings = {
				ALWAYS_EMBED_SWIFT_STANDARD_LIBRARIES = YES;
				CODE_SIGN_STYLE = Automatic;
				CURRENT_PROJECT_VERSION = 1;
				DEVELOPMENT_TEAM = 35B5ZW7NV9;
				GENERATE_INFOPLIST_FILE = YES;
				MARKETING_VERSION = 1.0;
				PRODUCT_BUNDLE_IDENTIFIER = ru.popkov.DoctorAppUITests;
				PRODUCT_NAME = "$(TARGET_NAME)";
				SWIFT_EMIT_LOC_STRINGS = NO;
				SWIFT_VERSION = 5.0;
				TARGETED_DEVICE_FAMILY = "1,2";
				TEST_TARGET_NAME = DoctorApp;
			};
			name = Release;
		};
/* End XCBuildConfiguration section */

/* Begin XCConfigurationList section */
		E8C77DB32AFF99BB0076DFDE /* Build configuration list for PBXProject "DoctorApp" */ = {
			isa = XCConfigurationList;
			buildConfigurations = (
				E8C77DDA2AFF99BC0076DFDE /* Debug */,
				E8C77DDB2AFF99BC0076DFDE /* Release */,
			);
			defaultConfigurationIsVisible = 0;
			defaultConfigurationName = Release;
		};
		E8C77DDC2AFF99BC0076DFDE /* Build configuration list for PBXNativeTarget "DoctorApp" */ = {
			isa = XCConfigurationList;
			buildConfigurations = (
				E8C77DDD2AFF99BC0076DFDE /* Debug */,
				E8C77DDE2AFF99BC0076DFDE /* Release */,
			);
			defaultConfigurationIsVisible = 0;
			defaultConfigurationName = Release;
		};
		E8C77DDF2AFF99BC0076DFDE /* Build configuration list for PBXNativeTarget "DoctorAppTests" */ = {
			isa = XCConfigurationList;
			buildConfigurations = (
				E8C77DE02AFF99BC0076DFDE /* Debug */,
				E8C77DE12AFF99BC0076DFDE /* Release */,
			);
			defaultConfigurationIsVisible = 0;
			defaultConfigurationName = Release;
		};
		E8C77DE22AFF99BC0076DFDE /* Build configuration list for PBXNativeTarget "DoctorAppUITests" */ = {
			isa = XCConfigurationList;
			buildConfigurations = (
				E8C77DE32AFF99BC0076DFDE /* Debug */,
				E8C77DE42AFF99BC0076DFDE /* Release */,
			);
			defaultConfigurationIsVisible = 0;
			defaultConfigurationName = Release;
		};
/* End XCConfigurationList section */
	};
	rootObject = E8C77DB02AFF99BB0076DFDE /* Project object */;
}
